<Solution>
  <Project Path="Tubes.API/Tubes.API.csproj" Id="1ec1ba8c-5643-4c87-8648-86d187fe27e5" />
  <Project Path="Tubes.Console/Tubes.ConsoleApp.csproj" />
  <Project Path="Tubes.Core/Tubes.Core.csproj" />
  <Project Path="Tubes.Gui/Tubes.Gui.csproj" />
  <Project Path="Tubes.Tests/Tubes.Tests.csproj" Id="c1bd68a4-929f-4e51-be2b-3280e0fbe83e" />
</Solution>
